
Microsoft Visual Studio Solution File, Format Version 12.00
# Visual Studio Version 16
VisualStudioVersion = 16.0.30717.126
MinimumVisualStudioVersion = 10.0.40219.1
Project("{8BC9CEB8-8B4A-11D0-8D11-00A0C91BC942}") = "Lab 4 Template class", "Lab 4 Template class\Lab 4 Template class.vcxproj", "{B1D06480-C6CE-4B75-B1A0-9ACF1CD95DB8}"
EndProject
Global
	GlobalSection(SolutionConfigurationPlatforms) = preSolution
		Debug|x64 = Debug|x64
		Debug|x86 = Debug|x86
		Release|x64 = Release|x64
		Release|x86 = Release|x86
	EndGlobalSection
	GlobalSection(ProjectConfigurationPlatforms) = postSolution
		{B1D06480-C6CE-4B75-B1A0-9ACF1CD95DB8}.Debug|x64.ActiveCfg = Debug|x64
		{B1D06480-C6CE-4B75-B1A0-9ACF1CD95DB8}.Debug|x64.Build.0 = Debug|x64
		{B1D06480-C6CE-4B75-B1A0-9ACF1CD95DB8}.Debug|x86.ActiveCfg = Debug|Win32
		{B1D06480-C6CE-4B75-B1A0-9ACF1CD95DB8}.Debug|x86.Build.0 = Debug|Win32
		{B1D06480-C6CE-4B75-B1A0-9ACF1CD95DB8}.Release|x64.ActiveCfg = Release|x64
		{B1D06480-C6CE-4B75-B1A0-9ACF1CD95DB8}.Release|x64.Build.0 = Release|x64
		{B1D06480-C6CE-4B75-B1A0-9ACF1CD95DB8}.Release|x86.ActiveCfg = Release|Win32
		{B1D06480-C6CE-4B75-B1A0-9ACF1CD95DB8}.Release|x86.Build.0 = Release|Win32
	EndGlobalSection
	GlobalSection(SolutionProperties) = preSolution
		HideSolutionNode = FALSE
	EndGlobalSection
	GlobalSection(ExtensibilityGlobals) = postSolution
		SolutionGuid = {56AF0C3E-2A56-44AB-9AD0-456DEF0977C4}
	EndGlobalSection
EndGlobal
